Microsoft Visual Studio Solution File, Format Version 12.00
# Visual Studio 15
VisualStudioVersion = 15.0.27004.2005
MinimumVisualStudioVersion = 10.0.40219.1
Project("{2150E333-8FDC-42A3-9474-1A3956D46DE8}") = "src", "src", "{4A19A4CA-58C8-4EE5-94BA-B2D2F2DD68EE}"
EndProject
Project("{2150E333-8FDC-42A3-9474-1A3956D46DE8}") = "Solution Items", "Solution Items", "{8165327B-8AB8-4B19-8AC0-9251BFDC1BDC}"
	ProjectSection(SolutionItems) = preProject
		NuGet.Config = NuGet.Config
	EndProjectSection
EndProject
Project("{2150E333-8FDC-42A3-9474-1A3956D46DE8}") = "test", "test", "{9036831B-B674-497E-AFD0-9BF07B7800DA}"
EndProject
Project("{9A19103F-16F7-4668-BE54-9A1E7A4F7556}") = "Expenses.API", "src\Expenses.API\Expenses.API.csproj", "{F6B6DAA2-0460-419E-88D7-CE887777F469}"
EndProject
Project("{9A19103F-16F7-4668-BE54-9A1E7A4F7556}") = "Expenses.DAL", "src\Expenses.DAL\Expenses.DAL.csproj", "{563A8EC7-62FB-43DF-8439-3C03F02995D4}"
EndProject
Project("{9A19103F-16F7-4668-BE54-9A1E7A4F7556}") = "Expenses.DAL.Tests", "Expenses.DAL.Tests\Expenses.DAL.Tests.csproj", "{8AE85CD7-EDB5-40F8-9E5E-8195CFB0DAF1}"
EndProject
Project("{9A19103F-16F7-4668-BE54-9A1E7A4F7556}") = "EmailService", "src\EmailService\EmailService.csproj", "{61406918-6449-4BD3-BCEF-AED26A882E80}"
EndProject
Project("{9A19103F-16F7-4668-BE54-9A1E7A4F7556}") = "Expenses.WebAPI", "Expenses.WebAPI\Expenses.WebAPI.csproj", "{B4C72621-118E-4226-879B-906757A579BF}"
EndProject
Project("{9A19103F-16F7-4668-BE54-9A1E7A4F7556}") = "Expenses.Common", "src\Expenses.Common\Expenses.Common.csproj", "{E1B01506-12DE-4576-9D7A-5213EDC0D187}"
EndProject
Project("{9A19103F-16F7-4668-BE54-9A1E7A4F7556}") = "EmailService.Tests", "EmailService.Tests\EmailService.Tests.csproj", "{55BD10D7-5419-40FF-8195-65FA0452CF04}"
EndProject
Project("{9A19103F-16F7-4668-BE54-9A1E7A4F7556}") = "Expenses.Entities", "src\Expenses.Entities\Expenses.Entities.csproj", "{D23FA43C-C5F8-4B85-A99B-F719F2DC1DEC}"
EndProject
Global
	GlobalSection(SolutionConfigurationPlatforms) = preSolution
		Debug|Any CPU = Debug|Any CPU
		Debug|x64 = Debug|x64
		Release|Any CPU = Release|Any CPU
		Release|x64 = Release|x64
	EndGlobalSection
	GlobalSection(ProjectConfigurationPlatforms) = postSolution
		{F6B6DAA2-0460-419E-88D7-CE887777F469}.Debug|Any CPU.ActiveCfg = Debug|Any CPU
		{F6B6DAA2-0460-419E-88D7-CE887777F469}.Debug|Any CPU.Build.0 = Debug|Any CPU
		{F6B6DAA2-0460-419E-88D7-CE887777F469}.Debug|x64.ActiveCfg = Debug|Any CPU
		{F6B6DAA2-0460-419E-88D7-CE887777F469}.Debug|x64.Build.0 = Debug|Any CPU
		{F6B6DAA2-0460-419E-88D7-CE887777F469}.Release|Any CPU.ActiveCfg = Release|Any CPU
		{F6B6DAA2-0460-419E-88D7-CE887777F469}.Release|Any CPU.Build.0 = Release|Any CPU
		{F6B6DAA2-0460-419E-88D7-CE887777F469}.Release|x64.ActiveCfg = Release|Any CPU
		{F6B6DAA2-0460-419E-88D7-CE887777F469}.Release|x64.Build.0 = Release|Any CPU
		{563A8EC7-62FB-43DF-8439-3C03F02995D4}.Debug|Any CPU.ActiveCfg = Debug|Any CPU
		{563A8EC7-62FB-43DF-8439-3C03F02995D4}.Debug|Any CPU.Build.0 = Debug|Any CPU
		{563A8EC7-62FB-43DF-8439-3C03F02995D4}.Debug|x64.ActiveCfg = Debug|Any CPU
		{563A8EC7-62FB-43DF-8439-3C03F02995D4}.Debug|x64.Build.0 = Debug|Any CPU
		{563A8EC7-62FB-43DF-8439-3C03F02995D4}.Release|Any CPU.ActiveCfg = Release|Any CPU
		{563A8EC7-62FB-43DF-8439-3C03F02995D4}.Release|Any CPU.Build.0 = Release|Any CPU
		{563A8EC7-62FB-43DF-8439-3C03F02995D4}.Release|x64.ActiveCfg = Release|Any CPU
		{563A8EC7-62FB-43DF-8439-3C03F02995D4}.Release|x64.Build.0 = Release|Any CPU
		{8AE85CD7-EDB5-40F8-9E5E-8195CFB0DAF1}.Debug|Any CPU.ActiveCfg = Debug|Any CPU
		{8AE85CD7-EDB5-40F8-9E5E-8195CFB0DAF1}.Debug|Any CPU.Build.0 = Debug|Any CPU
		{8AE85CD7-EDB5-40F8-9E5E-8195CFB0DAF1}.Debug|x64.ActiveCfg = Debug|Any CPU
		{8AE85CD7-EDB5-40F8-9E5E-8195CFB0DAF1}.Debug|x64.Build.0 = Debug|Any CPU
		{8AE85CD7-EDB5-40F8-9E5E-8195CFB0DAF1}.Release|Any CPU.ActiveCfg = Release|Any CPU
		{8AE85CD7-EDB5-40F8-9E5E-8195CFB0DAF1}.Release|Any CPU.Build.0 = Release|Any CPU
		{8AE85CD7-EDB5-40F8-9E5E-8195CFB0DAF1}.Release|x64.ActiveCfg = Release|Any CPU
		{8AE85CD7-EDB5-40F8-9E5E-8195CFB0DAF1}.Release|x64.Build.0 = Release|Any CPU
		{61406918-6449-4BD3-BCEF-AED26A882E80}.Debug|Any CPU.ActiveCfg = Debug|Any CPU
		{61406918-6449-4BD3-BCEF-AED26A882E80}.Debug|Any CPU.Build.0 = Debug|Any CPU
		{61406918-6449-4BD3-BCEF-AED26A882E80}.Debug|x64.ActiveCfg = Debug|Any CPU
		{61406918-6449-4BD3-BCEF-AED26A882E80}.Debug|x64.Build.0 = Debug|Any CPU
		{61406918-6449-4BD3-BCEF-AED26A882E80}.Release|Any CPU.ActiveCfg = Release|Any CPU
		{61406918-6449-4BD3-BCEF-AED26A882E80}.Release|Any CPU.Build.0 = Release|Any CPU
		{61406918-6449-4BD3-BCEF-AED26A882E80}.Release|x64.ActiveCfg = Release|Any CPU
		{61406918-6449-4BD3-BCEF-AED26A882E80}.Release|x64.Build.0 = Release|Any CPU
		{B4C72621-118E-4226-879B-906757A579BF}.Debug|Any CPU.ActiveCfg = Debug|Any CPU
		{B4C72621-118E-4226-879B-906757A579BF}.Debug|Any CPU.Build.0 = Debug|Any CPU
		{B4C72621-118E-4226-879B-906757A579BF}.Debug|x64.ActiveCfg = Debug|Any CPU
		{B4C72621-118E-4226-879B-906757A579BF}.Debug|x64.Build.0 = Debug|Any CPU
		{B4C72621-118E-4226-879B-906757A579BF}.Release|Any CPU.ActiveCfg = Release|Any CPU
		{B4C72621-118E-4226-879B-906757A579BF}.Release|Any CPU.Build.0 = Release|Any CPU
		{B4C72621-118E-4226-879B-906757A579BF}.Release|x64.ActiveCfg = Release|Any CPU
		{B4C72621-118E-4226-879B-906757A579BF}.Release|x64.Build.0 = Release|Any CPU
		{E1B01506-12DE-4576-9D7A-5213EDC0D187}.Debug|Any CPU.ActiveCfg = Debug|Any CPU
		{E1B01506-12DE-4576-9D7A-5213EDC0D187}.Debug|Any CPU.Build.0 = Debug|Any CPU
		{E1B01506-12DE-4576-9D7A-5213EDC0D187}.Debug|x64.ActiveCfg = Debug|Any CPU
		{E1B01506-12DE-4576-9D7A-5213EDC0D187}.Debug|x64.Build.0 = Debug|Any CPU
		{E1B01506-12DE-4576-9D7A-5213EDC0D187}.Release|Any CPU.ActiveCfg = Release|Any CPU
		{E1B01506-12DE-4576-9D7A-5213EDC0D187}.Release|Any CPU.Build.0 = Release|Any CPU
		{E1B01506-12DE-4576-9D7A-5213EDC0D187}.Release|x64.ActiveCfg = Release|Any CPU
		{E1B01506-12DE-4576-9D7A-5213EDC0D187}.Release|x64.Build.0 = Release|Any CPU
		{55BD10D7-5419-40FF-8195-65FA0452CF04}.Debug|Any CPU.ActiveCfg = Debug|Any CPU
		{55BD10D7-5419-40FF-8195-65FA0452CF04}.Debug|Any CPU.Build.0 = Debug|Any CPU
		{55BD10D7-5419-40FF-8195-65FA0452CF04}.Debug|x64.ActiveCfg = Debug|Any CPU
		{55BD10D7-5419-40FF-8195-65FA0452CF04}.Debug|x64.Build.0 = Debug|Any CPU
		{55BD10D7-5419-40FF-8195-65FA0452CF04}.Release|Any CPU.ActiveCfg = Release|Any CPU
		{55BD10D7-5419-40FF-8195-65FA0452CF04}.Release|Any CPU.Build.0 = Release|Any CPU
		{55BD10D7-5419-40FF-8195-65FA0452CF04}.Release|x64.ActiveCfg = Release|Any CPU
		{55BD10D7-5419-40FF-8195-65FA0452CF04}.Release|x64.Build.0 = Release|Any CPU
		{D23FA43C-C5F8-4B85-A99B-F719F2DC1DEC}.Debug|Any CPU.ActiveCfg = Debug|Any CPU
		{D23FA43C-C5F8-4B85-A99B-F719F2DC1DEC}.Debug|Any CPU.Build.0 = Debug|Any CPU
		{D23FA43C-C5F8-4B85-A99B-F719F2DC1DEC}.Debug|x64.ActiveCfg = Debug|Any CPU
		{D23FA43C-C5F8-4B85-A99B-F719F2DC1DEC}.Debug|x64.Build.0 = Debug|Any CPU
		{D23FA43C-C5F8-4B85-A99B-F719F2DC1DEC}.Release|Any CPU.ActiveCfg = Release|Any CPU
		{D23FA43C-C5F8-4B85-A99B-F719F2DC1DEC}.Release|Any CPU.Build.0 = Release|Any CPU
		{D23FA43C-C5F8-4B85-A99B-F719F2DC1DEC}.Release|x64.ActiveCfg = Release|Any CPU
		{D23FA43C-C5F8-4B85-A99B-F719F2DC1DEC}.Release|x64.Build.0 = Release|Any CPU
	EndGlobalSection
	GlobalSection(SolutionProperties) = preSolution
		HideSolutionNode = FALSE
	EndGlobalSection
	GlobalSection(NestedProjects) = preSolution
		{F6B6DAA2-0460-419E-88D7-CE887777F469} = {4A19A4CA-58C8-4EE5-94BA-B2D2F2DD68EE}
		{563A8EC7-62FB-43DF-8439-3C03F02995D4} = {4A19A4CA-58C8-4EE5-94BA-B2D2F2DD68EE}
		{8AE85CD7-EDB5-40F8-9E5E-8195CFB0DAF1} = {9036831B-B674-497E-AFD0-9BF07B7800DA}
		{61406918-6449-4BD3-BCEF-AED26A882E80} = {4A19A4CA-58C8-4EE5-94BA-B2D2F2DD68EE}
		{B4C72621-118E-4226-879B-906757A579BF} = {4A19A4CA-58C8-4EE5-94BA-B2D2F2DD68EE}
		{E1B01506-12DE-4576-9D7A-5213EDC0D187} = {4A19A4CA-58C8-4EE5-94BA-B2D2F2DD68EE}
		{55BD10D7-5419-40FF-8195-65FA0452CF04} = {9036831B-B674-497E-AFD0-9BF07B7800DA}
		{D23FA43C-C5F8-4B85-A99B-F719F2DC1DEC} = {4A19A4CA-58C8-4EE5-94BA-B2D2F2DD68EE}
	EndGlobalSection
	GlobalSection(ExtensibilityGlobals) = postSolution
		SolutionGuid = {C945B7A1-EA47-4573-9E5D-7203110BDA7B}
	EndGlobalSection
EndGlobal
